{
  "name": "nodeksapi",
  "version": "1.0.0",
  "lockfileVersion": 3,
  "requires": true,
  "packages": {
    "": {
      "name": "nodeksapi",
      "version": "1.0.0",
      "license": "ISC",
      "dependencies": {
        "epress": "^0.0.1-security",
        "espress": "^0.0.0"
      }
    },
    "node_modules/epress": {
      "version": "0.0.1-security",
      "resolved": "https://registry.npmjs.org/epress/-/epress-0.0.1-security.tgz",
      "integrity": "sha512-/REk6cExLsDmL7S4dXf6SHaZl4e+9ZzoGAH6KEETT9lzZyBr4PnFLvHFc0WGb+vXzIOqySHSigzP+iSD+IDUYw=="
    },
    "node_modules/espress": {
      "version": "0.0.0",
      "resolved": "https://registry.npmjs.org/espress/-/espress-0.0.0.tgz",
      "integrity": "sha512-A0J9eUTWwqj/vaBgZUBaKwrre8TNR2OZIJu0mcVOWCMBUgKB6TTbTTHXeMhkNQw2KytxQxk3eMy4I3C3AG2GOQ=="
    }
  }
}
